
Microsoft Visual Studio Solution File, Format Version 12.00
# Visual Studio Version 17
VisualStudioVersion = 17.7.34003.232
MinimumVisualStudioVersion = 10.0.40219.1
Project("{FAE04EC0-301F-11D3-BF4B-00C04F79EFBC}") = "ChuongTrinhQuanLyKhachSan", "ChuongTrinhQuanLyKhachSan\ChuongTrinhQuanLyKhachSan.csproj", "{6B3C20DD-B6BF-4FE1-B0F2-344DC2F5FBFB}"
EndProject
Project("{54435603-DBB4-11D2-8724-00A0C9A8B90C}") = "QLKS_Setup", "QLKS_Setup\QLKS_Setup.vdproj", "{213AE56A-E213-4B9B-83DD-239DE38A008A}"
EndProject
Project("{54435603-DBB4-11D2-8724-00A0C9A8B90C}") = "QLKS", "QLKS\QLKS.vdproj", "{72F714A8-8593-4C34-8B63-9DED65FD254D}"
EndProject
Global
	GlobalSection(SolutionConfigurationPlatforms) = preSolution
		Debug|Any CPU = Debug|Any CPU
		Release|Any CPU = Release|Any CPU
	EndGlobalSection
	GlobalSection(ProjectConfigurationPlatforms) = postSolution
		{6B3C20DD-B6BF-4FE1-B0F2-344DC2F5FBFB}.Debug|Any CPU.ActiveCfg = Debug|Any CPU
		{6B3C20DD-B6BF-4FE1-B0F2-344DC2F5FBFB}.Debug|Any CPU.Build.0 = Debug|Any CPU
		{6B3C20DD-B6BF-4FE1-B0F2-344DC2F5FBFB}.Release|Any CPU.ActiveCfg = Release|Any CPU
		{6B3C20DD-B6BF-4FE1-B0F2-344DC2F5FBFB}.Release|Any CPU.Build.0 = Release|Any CPU
		{213AE56A-E213-4B9B-83DD-239DE38A008A}.Debug|Any CPU.ActiveCfg = Debug
		{213AE56A-E213-4B9B-83DD-239DE38A008A}.Release|Any CPU.ActiveCfg = Release
		{72F714A8-8593-4C34-8B63-9DED65FD254D}.Debug|Any CPU.ActiveCfg = Debug
		{72F714A8-8593-4C34-8B63-9DED65FD254D}.Release|Any CPU.ActiveCfg = Release
	EndGlobalSection
	GlobalSection(SolutionProperties) = preSolution
		HideSolutionNode = FALSE
	EndGlobalSection
	GlobalSection(ExtensibilityGlobals) = postSolution
		SolutionGuid = {2C7032A3-AF2B-4CA9-A29B-620E985AC37F}
	EndGlobalSection
EndGlobal
